
Microsoft Visual Studio Solution File, Format Version 12.00
# Visual Studio 14
VisualStudioVersion = 14.0.23107.0
MinimumVisualStudioVersion = 10.0.40219.1
Project("{FAE04EC0-301F-11D3-BF4B-00C04F79EFBC}") = "Management Studio", "Management Studio.csproj", "{03A85FDB-2C88-474A-8D3F-113E2D8531A6}"
EndProject
Global
	GlobalSection(SolutionConfigurationPlatforms) = preSolution
		Debug|.NET = Debug|.NET
		Debug|Any CPU = Debug|Any CPU
		Debug|ARM = Debug|ARM
		Debug|Mixed Platforms = Debug|Mixed Platforms
		Debug|Win32 = Debug|Win32
		Debug|x64 = Debug|x64
		Debug|x86 = Debug|x86
		Release|.NET = Release|.NET
		Release|Any CPU = Release|Any CPU
		Release|ARM = Release|ARM
		Release|Mixed Platforms = Release|Mixed Platforms
		Release|Win32 = Release|Win32
		Release|x64 = Release|x64
		Release|x86 = Release|x86
		ReleaseDemoExtension|.NET = ReleaseDemoExtension|.NET
		ReleaseDemoExtension|Any CPU = ReleaseDemoExtension|Any CPU
		ReleaseDemoExtension|ARM = ReleaseDemoExtension|ARM
		ReleaseDemoExtension|Mixed Platforms = ReleaseDemoExtension|Mixed Platforms
		ReleaseDemoExtension|Win32 = ReleaseDemoExtension|Win32
		ReleaseDemoExtension|x64 = ReleaseDemoExtension|x64
		ReleaseDemoExtension|x86 = ReleaseDemoExtension|x86
	EndGlobalSection
	GlobalSection(ProjectConfigurationPlatforms) = postSolution
		{03A85FDB-2C88-474A-8D3F-113E2D8531A6}.Debug|.NET.ActiveCfg = Debug|x86
		{03A85FDB-2C88-474A-8D3F-113E2D8531A6}.Debug|Any CPU.ActiveCfg = Debug|x86
		{03A85FDB-2C88-474A-8D3F-113E2D8531A6}.Debug|ARM.ActiveCfg = Debug|x86
		{03A85FDB-2C88-474A-8D3F-113E2D8531A6}.Debug|Mixed Platforms.ActiveCfg = Debug|x86
		{03A85FDB-2C88-474A-8D3F-113E2D8531A6}.Debug|Mixed Platforms.Build.0 = Debug|x86
		{03A85FDB-2C88-474A-8D3F-113E2D8531A6}.Debug|Win32.ActiveCfg = Debug|x86
		{03A85FDB-2C88-474A-8D3F-113E2D8531A6}.Debug|Win32.Build.0 = Debug|x86
		{03A85FDB-2C88-474A-8D3F-113E2D8531A6}.Debug|x64.ActiveCfg = Debug|x86
		{03A85FDB-2C88-474A-8D3F-113E2D8531A6}.Debug|x86.ActiveCfg = Debug|x86
		{03A85FDB-2C88-474A-8D3F-113E2D8531A6}.Debug|x86.Build.0 = Debug|x86
		{03A85FDB-2C88-474A-8D3F-113E2D8531A6}.Release|.NET.ActiveCfg = Release|x86
		{03A85FDB-2C88-474A-8D3F-113E2D8531A6}.Release|Any CPU.ActiveCfg = Release|x86
		{03A85FDB-2C88-474A-8D3F-113E2D8531A6}.Release|ARM.ActiveCfg = Release|x86
		{03A85FDB-2C88-474A-8D3F-113E2D8531A6}.Release|Mixed Platforms.ActiveCfg = Release|x86
		{03A85FDB-2C88-474A-8D3F-113E2D8531A6}.Release|Mixed Platforms.Build.0 = Release|x86
		{03A85FDB-2C88-474A-8D3F-113E2D8531A6}.Release|Win32.ActiveCfg = Release|x86
		{03A85FDB-2C88-474A-8D3F-113E2D8531A6}.Release|Win32.Build.0 = Release|x86
		{03A85FDB-2C88-474A-8D3F-113E2D8531A6}.Release|x64.ActiveCfg = Release|x86
		{03A85FDB-2C88-474A-8D3F-113E2D8531A6}.Release|x86.ActiveCfg = Release|x86
		{03A85FDB-2C88-474A-8D3F-113E2D8531A6}.Release|x86.Build.0 = Release|x86
		{03A85FDB-2C88-474A-8D3F-113E2D8531A6}.ReleaseDemoExtension|.NET.ActiveCfg = Release|x86
		{03A85FDB-2C88-474A-8D3F-113E2D8531A6}.ReleaseDemoExtension|.NET.Build.0 = Release|x86
		{03A85FDB-2C88-474A-8D3F-113E2D8531A6}.ReleaseDemoExtension|Any CPU.ActiveCfg = Release|x86
		{03A85FDB-2C88-474A-8D3F-113E2D8531A6}.ReleaseDemoExtension|ARM.ActiveCfg = Release|x86
		{03A85FDB-2C88-474A-8D3F-113E2D8531A6}.ReleaseDemoExtension|Mixed Platforms.ActiveCfg = Release|x86
		{03A85FDB-2C88-474A-8D3F-113E2D8531A6}.ReleaseDemoExtension|Mixed Platforms.Build.0 = Release|x86
		{03A85FDB-2C88-474A-8D3F-113E2D8531A6}.ReleaseDemoExtension|Win32.ActiveCfg = Release|x86
		{03A85FDB-2C88-474A-8D3F-113E2D8531A6}.ReleaseDemoExtension|Win32.Build.0 = Release|x86
		{03A85FDB-2C88-474A-8D3F-113E2D8531A6}.ReleaseDemoExtension|x64.ActiveCfg = Release|x86
		{03A85FDB-2C88-474A-8D3F-113E2D8531A6}.ReleaseDemoExtension|x86.ActiveCfg = Release|x86
		{03A85FDB-2C88-474A-8D3F-113E2D8531A6}.ReleaseDemoExtension|x86.Build.0 = Release|x86
	EndGlobalSection
	GlobalSection(SolutionProperties) = preSolution
		HideSolutionNode = FALSE
	EndGlobalSection
	GlobalSection(TeamFoundationVersionControl) = preSolution
		SccNumberOfProjects = 2
		SccEnterpriseProvider = {4CA58AB2-18FA-4F8D-95D4-32DDF27D184C}
		SccTeamFoundationServer = https://enterpriseedition.visualstudio.com/defaultcollection
		SccLocalPath0 = .
		SccProjectUniqueName1 = Management\u0020Studio.csproj
		SccLocalPath1 = .
	EndGlobalSection
EndGlobal
